// !$*UTF8*$!
{
	archiveVersion = 1;
	classes = {
	};
	objectVersion = 55;
	objects = {

/* Begin PBXBuildFile section */
		8181976827F7FDB100A0E895 /* AppDelegate.swift in Sources */ = {isa = PBXBuildFile; fileRef = 8181976727F7FDB100A0E895 /* AppDelegate.swift */; };
		8181976A27F7FDB100A0E895 /* SceneDelegate.swift in Sources */ = {isa = PBXBuildFile; fileRef = 8181976927F7FDB100A0E895 /* SceneDelegate.swift */; };
		8181976C27F7FDB100A0E895 /* ViewController.swift in Sources */ = {isa = PBXBuildFile; fileRef = 8181976B27F7FDB100A0E895 /* ViewController.swift */; };
		8181976F27F7FDB100A0E895 /* Main.storyboard in Resources */ = {isa = PBXBuildFile; fileRef = 8181976D27F7FDB100A0E895 /* Main.storyboard */; };
		8181977127F7FDB600A0E895 /* Assets.xcassets in Resources */ = {isa = PBXBuildFile; fileRef = 8181977027F7FDB600A0E895 /* Assets.xcassets */; };
		8181977427F7FDB600A0E895 /* LaunchScreen.storyboard in Resources */ = {isa = PBXBuildFile; fileRef = 8181977227F7FDB600A0E895 /* LaunchScreen.storyboard */; };
		8181977F27F7FDB600A0E895 /* UTS_Leonando_C14190010Tests.swift in Sources */ = {isa = PBXBuildFile; fileRef = 8181977E27F7FDB600A0E895 /* UTS_Leonando_C14190010Tests.swift */; };
		8181978927F7FDB600A0E895 /* UTS_Leonando_C14190010UITests.swift in Sources */ = {isa = PBXBuildFile; fileRef = 8181978827F7FDB600A0E895 /* UTS_Leonando_C14190010UITests.swift */; };
		8181978B27F7FDB600A0E895 /* UTS_Leonando_C14190010UITestsLaunchTests.swift in Sources */ = {isa = PBXBuildFile; fileRef = 8181978A27F7FDB600A0E895 /* UTS_Leonando_C14190010UITestsLaunchTests.swift */; };
/* End PBXBuildFile section */

/* Begin PBXContainerItemProxy section */
		8181977B27F7FDB600A0E895 /* PBXContainerItemProxy */ = {
			isa = PBXContainerItemProxy;
			containerPortal = 8181975C27F7FDB100A0E895 /* Project object */;
			proxyType = 1;
			remoteGlobalIDString = 8181976327F7FDB100A0E895;
			remoteInfo = "UTS Leonando C14190010";
		};
		8181978527F7FDB600A0E895 /* PBXContainerItemProxy */ = {
			isa = PBXContainerItemProxy;
			containerPortal = 8181975C27F7FDB100A0E895 /* Project object */;
			proxyType = 1;
			remoteGlobalIDString = 8181976327F7FDB100A0E895;
			remoteInfo = "UTS Leonando C14190010";
		};
/* End PBXContainerItemProxy section */

/* Begin PBXFileReference section */
		8181976427F7FDB100A0E895 /* UTS Leonando C14190010.app */ = {isa = PBXFileReference; explicitFileType = wrapper.application; includeInIndex = 0; path = "UTS Leonando C14190010.app"; sourceTree = BUILT_PRODUCTS_DIR; };
		8181976727F7FDB100A0E895 /* AppDelegate.swift */ = {isa = PBXFileReference; lastKnownFileType = sourcecode.swift; path = AppDelegate.swift; sourceTree = "<group>"; };
		8181976927F7FDB100A0E895 /* SceneDelegate.swift */ = {isa = PBXFileReference; lastKnownFileType = sourcecode.swift; path = SceneDelegate.swift; sourceTree = "<group>"; };
		8181976B27F7FDB100A0E895 /* ViewController.swift */ = {isa = PBXFileReference; lastKnownFileType = sourcecode.swift; path = ViewController.swift; sourceTree = "<group>"; };
		8181976E27F7FDB100A0E895 /* Base */ = {isa = PBXFileReference; lastKnownFileType = file.storyboard; name = Base; path = Base.lproj/Main.storyboard; sourceTree = "<group>"; };
		8181977027F7FDB600A0E895 /* Assets.xcassets */ = {isa = PBXFileReference; lastKnownFileType = folder.assetcatalog; path = Assets.xcassets; sourceTree = "<group>"; };
		8181977327F7FDB600A0E895 /* Base */ = {isa = PBXFileReference; lastKnownFileType = file.storyboard; name = Base; path = Base.lproj/LaunchScreen.storyboard; sourceTree = "<group>"; };
		8181977527F7FDB600A0E895 /* Info.plist */ = {isa = PBXFileReference; lastKnownFileType = text.plist.xml; path = Info.plist; sourceTree = "<group>"; };
		8181977A27F7FDB600A0E895 /* UTS Leonando C14190010Tests.xctest */ = {isa = PBXFileReference; explicitFileType = wrapper.cfbundle; includeInIndex = 0; path = "UTS Leonando C14190010Tests.xctest"; sourceTree = BUILT_PRODUCTS_DIR; };
		8181977E27F7FDB600A0E895 /* UTS_Leonando_C14190010Tests.swift */ = {isa = PBXFileReference; lastKnownFileType = sourcecode.swift; path = UTS_Leonando_C14190010Tests.swift; sourceTree = "<group>"; };
		8181978427F7FDB600A0E895 /* UTS Leonando C14190010UITests.xctest */ = {isa = PBXFileReference; explicitFileType = wrapper.cfbundle; includeInIndex = 0; path = "UTS Leonando C14190010UITests.xctest"; sourceTree = BUILT_PRODUCTS_DIR; };
		8181978827F7FDB600A0E895 /* UTS_Leonando_C14190010UITests.swift */ = {isa = PBXFileReference; lastKnownFileType = sourcecode.swift; path = UTS_Leonando_C14190010UITests.swift; sourceTree = "<group>"; };
		8181978A27F7FDB600A0E895 /* UTS_Leonando_C14190010UITestsLaunchTests.swift */ = {isa = PBXFileReference; lastKnownFileType = sourcecode.swift; path = UTS_Leonando_C14190010UITestsLaunchTests.swift; sourceTree = "<group>"; };
/* End PBXFileReference section */

/* Begin PBXFrameworksBuildPhase section */
		8181976127F7FDB100A0E895 /* Frameworks */ = {
			isa = PBXFrameworksBuildPhase;
			buildActionMask = 2147483647;
			files = (
			);
			runOnlyForDeploymentPostprocessing = 0;
		};
		8181977727F7FDB600A0E895 /* Frameworks */ = {
			isa = PBXFrameworksBuildPhase;
			buildActionMask = 2147483647;
			files = (
			);
			runOnlyForDeploymentPostprocessing = 0;
		};
		8181978127F7FDB600A0E895 /* Frameworks */ = {
			isa = PBXFrameworksBuildPhase;
			buildActionMask = 2147483647;
			files = (
			);
			runOnlyForDeploymentPostprocessing = 0;
		};
/* End PBXFrameworksBuildPhase section */

/* Begin PBXGroup section */
		8181975B27F7FDB100A0E895 = {
			isa = PBXGroup;
			children = (
				8181976627F7FDB100A0E895 /* UTS Leonando C14190010 */,
				8181977D27F7FDB600A0E895 /* UTS Leonando C14190010Tests */,
				8181978727F7FDB600A0E895 /* UTS Leonando C14190010UITests */,
				8181976527F7FDB100A0E895 /* Products */,
			);
			sourceTree = "<group>";
		};
		8181976527F7FDB100A0E895 /* Products */ = {
			isa = PBXGroup;
			children = (
				8181976427F7FDB100A0E895 /* UTS Leonando C14190010.app */,
				8181977A27F7FDB600A0E895 /* UTS Leonando C14190010Tests.xctest */,
				8181978427F7FDB600A0E895 /* UTS Leonando C14190010UITests.xctest */,
			);
			name = Products;
			sourceTree = "<group>";
		};
		8181976627F7FDB100A0E895 /* UTS Leonando C14190010 */ = {
			isa = PBXGroup;
			children = (
				8181976727F7FDB100A0E895 /* AppDelegate.swift */,
				8181976927F7FDB100A0E895 /* SceneDelegate.swift */,
				8181976B27F7FDB100A0E895 /* ViewController.swift */,
				8181976D27F7FDB100A0E895 /* Main.storyboard */,
				8181977027F7FDB600A0E895 /* Assets.xcassets */,
				8181977227F7FDB600A0E895 /* LaunchScreen.storyboard */,
				8181977527F7FDB600A0E895 /* Info.plist */,
			);
			path = "UTS Leonando C14190010";
			sourceTree = "<group>";
		};
		8181977D27F7FDB600A0E895 /* UTS Leonando C14190010Tests */ = {
			isa = PBXGroup;
			children = (
				8181977E27F7FDB600A0E895 /* UTS_Leonando_C14190010Tests.swift */,
			);
			path = "UTS Leonando C14190010Tests";
			sourceTree = "<group>";
		};
		8181978727F7FDB600A0E895 /* UTS Leonando C14190010UITests */ = {
			isa = PBXGroup;
			children = (
				8181978827F7FDB600A0E895 /* UTS_Leonando_C14190010UITests.swift */,
				8181978A27F7FDB600A0E895 /* UTS_Leonando_C14190010UITestsLaunchTests.swift */,
			);
			path = "UTS Leonando C14190010UITests";
			sourceTree = "<group>";
		};
/* End PBXGroup section */

/* Begin PBXNativeTarget section */
		8181976327F7FDB100A0E895 /* UTS Leonando C14190010 */ = {
			isa = PBXNativeTarget;
			buildConfigurationList = 8181978E27F7FDB600A0E895 /* Build configuration list for PBXNativeTarget "UTS Leonando C14190010" */;
			buildPhases = (
				8181976027F7FDB100A0E895 /* Sources */,
				8181976127F7FDB100A0E895 /* Frameworks */,
				8181976227F7FDB100A0E895 /* Resources */,
			);
			buildRules = (
			);
			dependencies = (
			);
			name = "UTS Leonando C14190010";
			productName = "UTS Leonando C14190010";
			productReference = 8181976427F7FDB100A0E895 /* UTS Leonando C14190010.app */;
			productType = "com.apple.product-type.application";
		};
		8181977927F7FDB600A0E895 /* UTS Leonando C14190010Tests */ = {
			isa = PBXNativeTarget;
			buildConfigurationList = 8181979127F7FDB600A0E895 /* Build configuration list for PBXNativeTarget "UTS Leonando C14190010Tests" */;
			buildPhases = (
				8181977627F7FDB600A0E895 /* Sources */,
				8181977727F7FDB600A0E895 /* Frameworks */,
				8181977827F7FDB600A0E895 /* Resources */,
			);
			buildRules = (
			);
			dependencies = (
				8181977C27F7FDB600A0E895 /* PBXTargetDependency */,
			);
			name = "UTS Leonando C14190010Tests";
			productName = "UTS Leonando C14190010Tests";
			productReference = 8181977A27F7FDB600A0E895 /* UTS Leonando C14190010Tests.xctest */;
			productType = "com.apple.product-type.bundle.unit-test";
		};
		8181978327F7FDB600A0E895 /* UTS Leonando C14190010UITests */ = {
			isa = PBXNativeTarget;
			buildConfigurationList = 8181979427F7FDB600A0E895 /* Build configuration list for PBXNativeTarget "UTS Leonando C14190010UITests" */;
			buildPhases = (
				8181978027F7FDB600A0E895 /* Sources */,
				8181978127F7FDB600A0E895 /* Frameworks */,
				8181978227F7FDB600A0E895 /* Resources */,
			);
			buildRules = (
			);
			dependencies = (
				8181978627F7FDB600A0E895 /* PBXTargetDependency */,
			);
			name = "UTS Leonando C14190010UITests";
			productName = "UTS Leonando C14190010UITests";
			productReference = 8181978427F7FDB600A0E895 /* UTS Leonando C14190010UITests.xctest */;
			productType = "com.apple.product-type.bundle.ui-testing";
		};
/* End PBXNativeTarget section */

/* Begin PBXProject section */
		8181975C27F7FDB100A0E895 /* Project object */ = {
			isa = PBXProject;
			attributes = {
				BuildIndependentTargetsInParallel = 1;
				LastSwiftUpdateCheck = 1320;
				LastUpgradeCheck = 1320;
				TargetAttributes = {
					8181976327F7FDB100A0E895 = {
						CreatedOnToolsVersion = 13.2.1;
					};
					8181977927F7FDB600A0E895 = {
						CreatedOnToolsVersion = 13.2.1;
						TestTargetID = 8181976327F7FDB100A0E895;
					};
					8181978327F7FDB600A0E895 = {
						CreatedOnToolsVersion = 13.2.1;
						TestTargetID = 8181976327F7FDB100A0E895;
					};
				};
			};
			buildConfigurationList = 8181975F27F7FDB100A0E895 /* Build configuration list for PBXProject "UTS Leonando C14190010" */;
			compatibilityVersion = "Xcode 13.0";
			developmentRegion = en;
			hasScannedForEncodings = 0;
			knownRegions = (
				en,
				Base,
			);
			mainGroup = 8181975B27F7FDB100A0E895;
			productRefGroup = 8181976527F7FDB100A0E895 /* Products */;
			projectDirPath = "";
			projectRoot = "";
			targets = (
				8181976327F7FDB100A0E895 /* UTS Leonando C14190010 */,
				8181977927F7FDB600A0E895 /* UTS Leonando C14190010Tests */,
				8181978327F7FDB600A0E895 /* UTS Leonando C14190010UITests */,
			);
		};
/* End PBXProject section */

/* Begin PBXResourcesBuildPhase section */
		8181976227F7FDB100A0E895 /* Resources */ = {
			isa = PBXResourcesBuildPhase;
			buildActionMask = 2147483647;
			files = (
				8181977427F7FDB600A0E895 /* LaunchScreen.storyboard in Resources */,
				8181977127F7FDB600A0E895 /* Assets.xcassets in Resources */,
				8181976F27F7FDB100A0E895 /* Main.storyboard in Resources */,
			);
			runOnlyForDeploymentPostprocessing = 0;
		};
		8181977827F7FDB600A0E895 /* Resources */ = {
			isa = PBXResourcesBuildPhase;
			buildActionMask = 2147483647;
			files = (
			);
			runOnlyForDeploymentPostprocessing = 0;
		};
		8181978227F7FDB600A0E895 /* Resources */ = {
			isa = PBXResourcesBuildPhase;
			buildActionMask = 2147483647;
			files = (
			);
			runOnlyForDeploymentPostprocessing = 0;
		};
/* End PBXResourcesBuildPhase section */

/* Begin PBXSourcesBuildPhase section */
		8181976027F7FDB100A0E895 /* Sources */ = {
			isa = PBXSourcesBuildPhase;
			buildActionMask = 2147483647;
			files = (
				8181976C27F7FDB100A0E895 /* ViewController.swift in Sources */,
				8181976827F7FDB100A0E895 /* AppDelegate.swift in Sources */,
				8181976A27F7FDB100A0E895 /* SceneDelegate.swift in Sources */,
			);
			runOnlyForDeploymentPostprocessing = 0;
		};
		8181977627F7FDB600A0E895 /* Sources */ = {
			isa = PBXSourcesBuildPhase;
			buildActionMask = 2147483647;
			files = (
				8181977F27F7FDB600A0E895 /* UTS_Leonando_C14190010Tests.swift in Sources */,
			);
			runOnlyForDeploymentPostprocessing = 0;
		};
		8181978027F7FDB600A0E895 /* Sources */ = {
			isa = PBXSourcesBuildPhase;
			buildActionMask = 2147483647;
			files = (
				8181978927F7FDB600A0E895 /* UTS_Leonando_C14190010UITests.swift in Sources */,
				8181978B27F7FDB600A0E895 /* UTS_Leonando_C14190010UITestsLaunchTests.swift in Sources */,
			);
			runOnlyForDeploymentPostprocessing = 0;
		};
/* End PBXSourcesBuildPhase section */

/* Begin PBXTargetDependency section */
		8181977C27F7FDB600A0E895 /* PBXTargetDependency */ = {
			isa = PBXTargetDependency;
			target = 8181976327F7FDB100A0E895 /* UTS Leonando C14190010 */;
			targetProxy = 8181977B27F7FDB600A0E895 /* PBXContainerItemProxy */;
		};
		8181978627F7FDB600A0E895 /* PBXTargetDependency */ = {
			isa = PBXTargetDependency;
			target = 8181976327F7FDB100A0E895 /* UTS Leonando C14190010 */;
			targetProxy = 8181978527F7FDB600A0E895 /* PBXContainerItemProxy */;
		};
/* End PBXTargetDependency section */

/* Begin PBXVariantGroup section */
		8181976D27F7FDB100A0E895 /* Main.storyboard */ = {
			isa = PBXVariantGroup;
			children = (
				8181976E27F7FDB100A0E895 /* Base */,
			);
			name = Main.storyboard;
			sourceTree = "<group>";
		};
		8181977227F7FDB600A0E895 /* LaunchScreen.storyboard */ = {
			isa = PBXVariantGroup;
			children = (
				8181977327F7FDB600A0E895 /* Base */,
			);
			name = LaunchScreen.storyboard;
			sourceTree = "<group>";
		};
/* End PBXVariantGroup section */

/* Begin XCBuildConfiguration section */
		8181978C27F7FDB600A0E895 /* Debug */ = {
			isa = XCBuildConfiguration;
			buildSettings = {
				ALWAYS_SEARCH_USER_PATHS = NO;
				CLANG_ANALYZER_NONNULL = YES;
				CLANG_ANALYZER_NUMBER_OBJECT_CONVERSION = YES_AGGRESSIVE;
				CLANG_CXX_LANGUAGE_STANDARD = "gnu++17";
				CLANG_CXX_LIBRARY = "libc++";
				CLANG_ENABLE_MODULES = YES;
				CLANG_ENABLE_OBJC_ARC = YES;
				CLANG_ENABLE_OBJC_WEAK = YES;
				CLANG_WARN_BLOCK_CAPTURE_AUTORELEASING = YES;
				CLANG_WARN_BOOL_CONVERSION = YES;
				CLANG_WARN_COMMA = YES;
				CLANG_WARN_CONSTANT_CONVERSION = YES;
				CLANG_WARN_DEPRECATED_OBJC_IMPLEMENTATIONS = YES;
				CLANG_WARN_DIRECT_OBJC_ISA_USAGE = YES_ERROR;
				CLANG_WARN_DOCUMENTATION_COMMENTS = YES;
				CLANG_WARN_EMPTY_BODY = YES;
				CLANG_WARN_ENUM_CONVERSION = YES;
				CLANG_WARN_INFINITE_RECURSION = YES;
				CLANG_WARN_INT_CONVERSION = YES;
				CLANG_WARN_NON_LITERAL_NULL_CONVERSION = YES;
				CLANG_WARN_OBJC_IMPLICIT_RETAIN_SELF = YES;
				CLANG_WARN_OBJC_LITERAL_CONVERSION = YES;
				CLANG_WARN_OBJC_ROOT_CLASS = YES_ERROR;
				CLANG_WARN_QUOTED_INCLUDE_IN_FRAMEWORK_HEADER = YES;
				CLANG_WARN_RANGE_LOOP_ANALYSIS = YES;
				CLANG_WARN_STRICT_PROTOTYPES = YES;
				CLANG_WARN_SUSPICIOUS_MOVE = YES;
				CLANG_WARN_UNGUARDED_AVAILABILITY = YES_AGGRESSIVE;
				CLANG_WARN_UNREACHABLE_CODE = YES;
				CLANG_WARN__DUPLICATE_METHOD_MATCH = YES;
				COPY_PHASE_STRIP = NO;
				DEBUG_INFORMATION_FORMAT = dwarf;
				ENABLE_STRICT_OBJC_MSGSEND = YES;
				ENABLE_TESTABILITY = YES;
				GCC_C_LANGUAGE_STANDARD = gnu11;
				GCC_DYNAMIC_NO_PIC = NO;
				GCC_NO_COMMON_BLOCKS = YES;
				GCC_OPTIMIZATION_LEVEL = 0;
				GCC_PREPROCESSOR_DEFINITIONS = (
					"DEBUG=1",
					"$(inherited)",
				);
				GCC_WARN_64_TO_32_BIT_CONVERSION = YES;
				GCC_WARN_ABOUT_RETURN_TYPE = YES_ERROR;
				GCC_WARN_UNDECLARED_SELECTOR = YES;
				GCC_WARN_UNINITIALIZED_AUTOS = YES_AGGRESSIVE;
				GCC_WARN_UNUSED_FUNCTION = YES;
				GCC_WARN_UNUSED_VARIABLE = YES;
				IPHONEOS_DEPLOYMENT_TARGET = 15.2;
				MTL_ENABLE_DEBUG_INFO = INCLUDE_SOURCE;
				MTL_FAST_MATH = YES;
				ONLY_ACTIVE_ARCH = YES;
				SDKROOT = iphoneos;
				SWIFT_ACTIVE_COMPILATION_CONDITIONS = DEBUG;
				SWIFT_OPTIMIZATION_LEVEL = "-Onone";
			};
			name = Debug;
		};
		8181978D27F7FDB600A0E895 /* Release */ = {
			isa = XCBuildConfiguration;
			buildSettings = {
				ALWAYS_SEARCH_USER_PATHS = NO;
				CLANG_ANALYZER_NONNULL = YES;
				CLANG_ANALYZER_NUMBER_OBJECT_CONVERSION = YES_AGGRESSIVE;
				CLANG_CXX_LANGUAGE_STANDARD = "gnu++17";
				CLANG_CXX_LIBRARY = "libc++";
				CLANG_ENABLE_MODULES = YES;
				CLANG_ENABLE_OBJC_ARC = YES;
				CLANG_ENABLE_OBJC_WEAK = YES;
				CLANG_WARN_BLOCK_CAPTURE_AUTORELEASING = YES;
				CLANG_WARN_BOOL_CONVERSION = YES;
				CLANG_WARN_COMMA = YES;
				CLANG_WARN_CONSTANT_CONVERSION = YES;
				CLANG_WARN_DEPRECATED_OBJC_IMPLEMENTATIONS = YES;
				CLANG_WARN_DIRECT_OBJC_ISA_USAGE = YES_ERROR;
				CLANG_WARN_DOCUMENTATION_COMMENTS = YES;
				CLANG_WARN_EMPTY_BODY = YES;
				CLANG_WARN_ENUM_CONVERSION = YES;
				CLANG_WARN_INFINITE_RECURSION = YES;
				CLANG_WARN_INT_CONVERSION = YES;
				CLANG_WARN_NON_LITERAL_NULL_CONVERSION = YES;
				CLANG_WARN_OBJC_IMPLICIT_RETAIN_SELF = YES;
				CLANG_WARN_OBJC_LITERAL_CONVERSION = YES;
				CLANG_WARN_OBJC_ROOT_CLASS = YES_ERROR;
				CLANG_WARN_QUOTED_INCLUDE_IN_FRAMEWORK_HEADER = YES;
				CLANG_WARN_RANGE_LOOP_ANALYSIS = YES;
				CLANG_WARN_STRICT_PROTOTYPES = YES;
				CLANG_WARN_SUSPICIOUS_MOVE = YES;
				CLANG_WARN_UNGUARDED_AVAILABILITY = YES_AGGRESSIVE;
				CLANG_WARN_UNREACHABLE_CODE = YES;
				CLANG_WARN__DUPLICATE_METHOD_MATCH = YES;
				COPY_PHASE_STRIP = NO;
				DEBUG_INFORMATION_FORMAT = "dwarf-with-dsym";
				ENABLE_NS_ASSERTIONS = NO;
				ENABLE_STRICT_OBJC_MSGSEND = YES;
				GCC_C_LANGUAGE_STANDARD = gnu11;
				GCC_NO_COMMON_BLOCKS = YES;
				GCC_WARN_64_TO_32_BIT_CONVERSION = YES;
				GCC_WARN_ABOUT_RETURN_TYPE = YES_ERROR;
				GCC_WARN_UNDECLARED_SELECTOR = YES;
				GCC_WARN_UNINITIALIZED_AUTOS = YES_AGGRESSIVE;
				GCC_WARN_UNUSED_FUNCTION = YES;
				GCC_WARN_UNUSED_VARIABLE = YES;
				IPHONEOS_DEPLOYMENT_TARGET = 15.2;
				MTL_ENABLE_DEBUG_INFO = NO;
				MTL_FAST_MATH = YES;
				SDKROOT = iphoneos;
				SWIFT_COMPILATION_MODE = wholemodule;
				SWIFT_OPTIMIZATION_LEVEL = "-O";
				VALIDATE_PRODUCT = YES;
			};
			name = Release;
		};
		8181978F27F7FDB600A0E895 /* Debug */ = {
			isa = XCBuildConfiguration;
			buildSettings = {
				ASSETCATALOG_COMPILER_APPICON_NAME = AppIcon;
				ASSETCATALOG_COMPILER_GLOBAL_ACCENT_COLOR_NAME = AccentColor;
				CODE_SIGN_STYLE = Automatic;
				CURRENT_PROJECT_VERSION = 1;
				GENERATE_INFOPLIST_FILE = YES;
				INFOPLIST_FILE = "UTS Leonando C14190010/Info.plist";
				INFOPLIST_KEY_UIApplicationSupportsIndirectInputEvents = YES;
				INFOPLIST_KEY_UILaunchStoryboardName = LaunchScreen;
				INFOPLIST_KEY_UIMainStoryboardFile = Main;
				INFOPLIST_KEY_UISupportedInterfaceOrientations_iPad = "UIInterfaceOrientationPortrait UIInterfaceOrientationPortraitUpsideDown UIInterfaceOrientationLandscapeLeft UIInterfaceOrientationLandscapeRight";
				INFOPLIST_KEY_UISupportedInterfaceOrientations_iPhone = "UIInterfaceOrientationPortrait UIInterfaceOrientationLandscapeLeft UIInterfaceOrientationLandscapeRight";
				LD_RUNPATH_SEARCH_PATHS = (
					"$(inherited)",
					"@executable_path/Frameworks",
				);
				MARKETING_VERSION = 1.0;
				PRODUCT_BUNDLE_IDENTIFIER = "ios.UTS-Leonando-C14190010";
				PRODUCT_NAME = "$(TARGET_NAME)";
				SWIFT_EMIT_LOC_STRINGS = YES;
				SWIFT_VERSION = 5.0;
				TARGETED_DEVICE_FAMILY = "1,2";
			};
			name = Debug;
		};
		8181979027F7FDB600A0E895 /* Release */ = {
			isa = XCBuildConfiguration;
			buildSettings = {
				ASSETCATALOG_COMPILER_APPICON_NAME = AppIcon;
				ASSETCATALOG_COMPILER_GLOBAL_ACCENT_COLOR_NAME = AccentColor;
				CODE_SIGN_STYLE = Automatic;
				CURRENT_PROJECT_VERSION = 1;
				GENERATE_INFOPLIST_FILE = YES;
				INFOPLIST_FILE = "UTS Leonando C14190010/Info.plist";
				INFOPLIST_KEY_UIApplicationSupportsIndirectInputEvents = YES;
				INFOPLIST_KEY_UILaunchStoryboardName = LaunchScreen;
				INFOPLIST_KEY_UIMainStoryboardFile = Main;
				INFOPLIST_KEY_UISupportedInterfaceOrientations_iPad = "UIInterfaceOrientationPortrait UIInterfaceOrientationPortraitUpsideDown UIInterfaceOrientationLandscapeLeft UIInterfaceOrientationLandscapeRight";
				INFOPLIST_KEY_UISupportedInterfaceOrientations_iPhone = "UIInterfaceOrientationPortrait UIInterfaceOrientationLandscapeLeft UIInterfaceOrientationLandscapeRight";
				LD_RUNPATH_SEARCH_PATHS = (
					"$(inherited)",
					"@executable_path/Frameworks",
				);
				MARKETING_VERSION = 1.0;
				PRODUCT_BUNDLE_IDENTIFIER = "ios.UTS-Leonando-C14190010";
				PRODUCT_NAME = "$(TARGET_NAME)";
				SWIFT_EMIT_LOC_STRINGS = YES;
				SWIFT_VERSION = 5.0;
				TARGETED_DEVICE_FAMILY = "1,2";
			};
			name = Release;
		};
		8181979227F7FDB600A0E895 /* Debug */ = {
			isa = XCBuildConfiguration;
			buildSettings = {
				ALWAYS_EMBED_SWIFT_STANDARD_LIBRARIES = YES;
				BUNDLE_LOADER = "$(TEST_HOST)";
				CODE_SIGN_STYLE = Automatic;
				CURRENT_PROJECT_VERSION = 1;
				GENERATE_INFOPLIST_FILE = YES;
				IPHONEOS_DEPLOYMENT_TARGET = 15.2;
				MARKETING_VERSION = 1.0;
				PRODUCT_BUNDLE_IDENTIFIER = "ios.UTS-Leonando-C14190010Tests";
				PRODUCT_NAME = "$(TARGET_NAME)";
				SWIFT_EMIT_LOC_STRINGS = NO;
				SWIFT_VERSION = 5.0;
				TARGETED_DEVICE_FAMILY = "1,2";
				TEST_HOST = "$(BUILT_PRODUCTS_DIR)/UTS Leonando C14190010.app/UTS Leonando C14190010";
			};
			name = Debug;
		};
		8181979327F7FDB600A0E895 /* Release */ = {
			isa = XCBuildConfiguration;
			buildSettings = {
				ALWAYS_EMBED_SWIFT_STANDARD_LIBRARIES = YES;
				BUNDLE_LOADER = "$(TEST_HOST)";
				CODE_SIGN_STYLE = Automatic;
				CURRENT_PROJECT_VERSION = 1;
				GENERATE_INFOPLIST_FILE = YES;
				IPHONEOS_DEPLOYMENT_TARGET = 15.2;
				MARKETING_VERSION = 1.0;
				PRODUCT_BUNDLE_IDENTIFIER = "ios.UTS-Leonando-C14190010Tests";
				PRODUCT_NAME = "$(TARGET_NAME)";
				SWIFT_EMIT_LOC_STRINGS = NO;
				SWIFT_VERSION = 5.0;
				TARGETED_DEVICE_FAMILY = "1,2";
				TEST_HOST = "$(BUILT_PRODUCTS_DIR)/UTS Leonando C14190010.app/UTS Leonando C14190010";
			};
			name = Release;
		};
		8181979527F7FDB600A0E895 /* Debug */ = {
			isa = XCBuildConfiguration;
			buildSettings = {
				ALWAYS_EMBED_SWIFT_STANDARD_LIBRARIES = YES;
				CODE_SIGN_STYLE = Automatic;
				CURRENT_PROJECT_VERSION = 1;
				GENERATE_INFOPLIST_FILE = YES;
				MARKETING_VERSION = 1.0;
				PRODUCT_BUNDLE_IDENTIFIER = "ios.UTS-Leonando-C14190010UITests";
				PRODUCT_NAME = "$(TARGET_NAME)";
				SWIFT_EMIT_LOC_STRINGS = NO;
				SWIFT_VERSION = 5.0;
				TARGETED_DEVICE_FAMILY = "1,2";
				TEST_TARGET_NAME = "UTS Leonando C14190010";
			};
			name = Debug;
		};
		8181979627F7FDB600A0E895 /* Release */ = {
			isa = XCBuildConfiguration;
			buildSettings = {
				ALWAYS_EMBED_SWIFT_STANDARD_LIBRARIES = YES;
				CODE_SIGN_STYLE = Automatic;
				CURRENT_PROJECT_VERSION = 1;
				GENERATE_INFOPLIST_FILE = YES;
				MARKETING_VERSION = 1.0;
				PRODUCT_BUNDLE_IDENTIFIER = "ios.UTS-Leonando-C14190010UITests";
				PRODUCT_NAME = "$(TARGET_NAME)";
				SWIFT_EMIT_LOC_STRINGS = NO;
				SWIFT_VERSION = 5.0;
				TARGETED_DEVICE_FAMILY = "1,2";
				TEST_TARGET_NAME = "UTS Leonando C14190010";
			};
			name = Release;
		};
/* End XCBuildConfiguration section */

/* Begin XCConfigurationList section */
		8181975F27F7FDB100A0E895 /* Build configuration list for PBXProject "UTS Leonando C14190010" */ = {
			isa = XCConfigurationList;
			buildConfigurations = (
				8181978C27F7FDB600A0E895 /* Debug */,
				8181978D27F7FDB600A0E895 /* Release */,
			);
			defaultConfigurationIsVisible = 0;
			defaultConfigurationName = Release;
		};
		8181978E27F7FDB600A0E895 /* Build configuration list for PBXNativeTarget "UTS Leonando C14190010" */ = {
			isa = XCConfigurationList;
			buildConfigurations = (
				8181978F27F7FDB600A0E895 /* Debug */,
				8181979027F7FDB600A0E895 /* Release */,
			);
			defaultConfigurationIsVisible = 0;
			defaultConfigurationName = Release;
		};
		8181979127F7FDB600A0E895 /* Build configuration list for PBXNativeTarget "UTS Leonando C14190010Tests" */ = {
			isa = XCConfigurationList;
			buildConfigurations = (
				8181979227F7FDB600A0E895 /* Debug */,
				8181979327F7FDB600A0E895 /* Release */,
			);
			defaultConfigurationIsVisible = 0;
			defaultConfigurationName = Release;
		};
		8181979427F7FDB600A0E895 /* Build configuration list for PBXNativeTarget "UTS Leonando C14190010UITests" */ = {
			isa = XCConfigurationList;
			buildConfigurations = (
				8181979527F7FDB600A0E895 /* Debug */,
				8181979627F7FDB600A0E895 /* Release */,
			);
			defaultConfigurationIsVisible = 0;
			defaultConfigurationName = Release;
		};
/* End XCConfigurationList section */
	};
	rootObject = 8181975C27F7FDB100A0E895 /* Project object */;
}
